
Microsoft Visual Studio Solution File, Format Version 12.00
# Visual Studio Version 17
VisualStudioVersion = 17.5.002.0
MinimumVisualStudioVersion = 10.0.40219.1
Project("{9A19103F-16F7-4668-BE54-9A1E7A4F7556}") = "example002", "example002.csproj", "{489BD6AF-EF7E-47C8-A60D-549E55BEA787}"
EndProject
Global
	GlobalSection(SolutionConfigurationPlatforms) = preSolution
		Debug|Any CPU = Debug|Any CPU
		Release|Any CPU = Release|Any CPU
	EndGlobalSection
	GlobalSection(ProjectConfigurationPlatforms) = postSolution
		{489BD6AF-EF7E-47C8-A60D-549E55BEA787}.Debug|Any CPU.ActiveCfg = Debug|Any CPU
		{489BD6AF-EF7E-47C8-A60D-549E55BEA787}.Debug|Any CPU.Build.0 = Debug|Any CPU
		{489BD6AF-EF7E-47C8-A60D-549E55BEA787}.Release|Any CPU.ActiveCfg = Release|Any CPU
		{489BD6AF-EF7E-47C8-A60D-549E55BEA787}.Release|Any CPU.Build.0 = Release|Any CPU
	EndGlobalSection
	GlobalSection(SolutionProperties) = preSolution
		HideSolutionNode = FALSE
	EndGlobalSection
	GlobalSection(ExtensibilityGlobals) = postSolution
		SolutionGuid = {906FAA89-E661-4E38-9C7E-ACFCBC5E4974}
	EndGlobalSection
EndGlobal
